
Microsoft Visual Studio Solution File, Format Version 12.00
# Visual Studio Version 16
VisualStudioVersion = 16.0.810.3
MinimumVisualStudioVersion = 10.0.40219.1
Project("{FAE04EC0-301F-11D3-BF4B-00C04F79EFBC}") = "MiniProject-Console", "MiniProject-Console\MiniProject-Console.csproj", "{5B1C8FAA-7184-4DA4-81F9-8FC35AA8610A}"
EndProject
Project("{FAE04EC0-301F-11D3-BF4B-00C04F79EFBC}") = "MiniProject-Console.Domain", "MiniProject-Console.Domain\MiniProject-Console.Domain.csproj", "{BDB2EB6B-C5B7-4F4F-A8E3-7D4DBE936B08}"
EndProject
Project("{FAE04EC0-301F-11D3-BF4B-00C04F79EFBC}") = "MiniProject-Console.Data", "MiniProject-Console.Data\MiniProject-Console.Data.csproj", "{0DF17FF7-9B52-4845-A5E6-9F1853F9AE71}"
EndProject
Global
	GlobalSection(SolutionConfigurationPlatforms) = preSolution
		Debug|Any CPU = Debug|Any CPU
		Release|Any CPU = Release|Any CPU
	EndGlobalSection
	GlobalSection(ProjectConfigurationPlatforms) = postSolution
		{5B1C8FAA-7184-4DA4-81F9-8FC35AA8610A}.Debug|Any CPU.ActiveCfg = Debug|Any CPU
		{5B1C8FAA-7184-4DA4-81F9-8FC35AA8610A}.Debug|Any CPU.Build.0 = Debug|Any CPU
		{5B1C8FAA-7184-4DA4-81F9-8FC35AA8610A}.Release|Any CPU.ActiveCfg = Release|Any CPU
		{5B1C8FAA-7184-4DA4-81F9-8FC35AA8610A}.Release|Any CPU.Build.0 = Release|Any CPU
		{BDB2EB6B-C5B7-4F4F-A8E3-7D4DBE936B08}.Debug|Any CPU.ActiveCfg = Debug|Any CPU
		{BDB2EB6B-C5B7-4F4F-A8E3-7D4DBE936B08}.Debug|Any CPU.Build.0 = Debug|Any CPU
		{BDB2EB6B-C5B7-4F4F-A8E3-7D4DBE936B08}.Release|Any CPU.ActiveCfg = Release|Any CPU
		{BDB2EB6B-C5B7-4F4F-A8E3-7D4DBE936B08}.Release|Any CPU.Build.0 = Release|Any CPU
		{0DF17FF7-9B52-4845-A5E6-9F1853F9AE71}.Debug|Any CPU.ActiveCfg = Debug|Any CPU
		{0DF17FF7-9B52-4845-A5E6-9F1853F9AE71}.Debug|Any CPU.Build.0 = Debug|Any CPU
		{0DF17FF7-9B52-4845-A5E6-9F1853F9AE71}.Release|Any CPU.ActiveCfg = Release|Any CPU
		{0DF17FF7-9B52-4845-A5E6-9F1853F9AE71}.Release|Any CPU.Build.0 = Release|Any CPU
	EndGlobalSection
	GlobalSection(SolutionProperties) = preSolution
		HideSolutionNode = FALSE
	EndGlobalSection
	GlobalSection(ExtensibilityGlobals) = postSolution
		SolutionGuid = {AAB0496D-82F6-48A9-9ABF-4871997A1A65}
	EndGlobalSection
EndGlobal
